
Microsoft Visual Studio Solution File, Format Version 10.00
# Visual Studio 2008
Project("{FAE04EC0-301F-11D3-BF4B-00C04F79EFBC}") = "DeliveryPrintService", "DeliveryPrintService\DeliveryPrintService.csproj", "{45B162AA-4A52-4084-932E-8E2EECA950E4}"
EndProject
Project("{FAE04EC0-301F-11D3-BF4B-00C04F79EFBC}") = "ServiceLib", "..\ServiceLib\ServiceLib\ServiceLib.csproj", "{7CD5389B-A2F9-42E0-974B-B9E9B91F06CB}"
EndProject
Project("{FAE04EC0-301F-11D3-BF4B-00C04F79EFBC}") = "Test", "TestFrom\Test.csproj", "{16503F43-4099-483E-9E03-E42CA35B484B}"
	ProjectSection(ProjectDependencies) = postProject
		{45B162AA-4A52-4084-932E-8E2EECA950E4} = {45B162AA-4A52-4084-932E-8E2EECA950E4}
	EndProjectSection
EndProject
Global
	GlobalSection(TeamFoundationVersionControl) = preSolution
		SccNumberOfProjects = 4
		SccEnterpriseProvider = {4CA58AB2-18FA-4F8D-95D4-32DDF27D184C}
		SccTeamFoundationServer = http://192.168.2.253:8080/
		SccLocalPath0 = .
		SccProjectUniqueName1 = DeliveryPrintService\\DeliveryPrintService.csproj
		SccProjectName1 = DeliveryPrintService
		SccLocalPath1 = DeliveryPrintService
		SccProjectUniqueName2 = ..\\ServiceLib\\ServiceLib\\ServiceLib.csproj
		SccProjectName2 = ../ServiceLib/ServiceLib
		SccLocalPath2 = ..\\ServiceLib\\ServiceLib
		SccProjectUniqueName3 = TestFrom\\Test.csproj
		SccProjectName3 = TestFrom
		SccLocalPath3 = TestFrom
	EndGlobalSection
	GlobalSection(SolutionConfigurationPlatforms) = preSolution
		Debug|.NET = Debug|.NET
		Debug|Any CPU = Debug|Any CPU
		Debug|Mixed Platforms = Debug|Mixed Platforms
		Release|.NET = Release|.NET
		Release|Any CPU = Release|Any CPU
		Release|Mixed Platforms = Release|Mixed Platforms
	EndGlobalSection
	GlobalSection(ProjectConfigurationPlatforms) = postSolution
		{45B162AA-4A52-4084-932E-8E2EECA950E4}.Debug|.NET.ActiveCfg = Debug|Any CPU
		{45B162AA-4A52-4084-932E-8E2EECA950E4}.Debug|Any CPU.ActiveCfg = Debug|Any CPU
		{45B162AA-4A52-4084-932E-8E2EECA950E4}.Debug|Any CPU.Build.0 = Debug|Any CPU
		{45B162AA-4A52-4084-932E-8E2EECA950E4}.Debug|Mixed Platforms.ActiveCfg = Debug|Any CPU
		{45B162AA-4A52-4084-932E-8E2EECA950E4}.Debug|Mixed Platforms.Build.0 = Debug|Any CPU
		{45B162AA-4A52-4084-932E-8E2EECA950E4}.Release|.NET.ActiveCfg = Release|Any CPU
		{45B162AA-4A52-4084-932E-8E2EECA950E4}.Release|Any CPU.ActiveCfg = Release|Any CPU
		{45B162AA-4A52-4084-932E-8E2EECA950E4}.Release|Any CPU.Build.0 = Release|Any CPU
		{45B162AA-4A52-4084-932E-8E2EECA950E4}.Release|Mixed Platforms.ActiveCfg = Release|Any CPU
		{45B162AA-4A52-4084-932E-8E2EECA950E4}.Release|Mixed Platforms.Build.0 = Release|Any CPU
		{7CD5389B-A2F9-42E0-974B-B9E9B91F06CB}.Debug|.NET.ActiveCfg = Debug|Any CPU
		{7CD5389B-A2F9-42E0-974B-B9E9B91F06CB}.Debug|Any CPU.ActiveCfg = Debug|Any CPU
		{7CD5389B-A2F9-42E0-974B-B9E9B91F06CB}.Debug|Any CPU.Build.0 = Debug|Any CPU
		{7CD5389B-A2F9-42E0-974B-B9E9B91F06CB}.Debug|Mixed Platforms.ActiveCfg = Debug|Any CPU
		{7CD5389B-A2F9-42E0-974B-B9E9B91F06CB}.Debug|Mixed Platforms.Build.0 = Debug|Any CPU
		{7CD5389B-A2F9-42E0-974B-B9E9B91F06CB}.Release|.NET.ActiveCfg = Release|Any CPU
		{7CD5389B-A2F9-42E0-974B-B9E9B91F06CB}.Release|Any CPU.ActiveCfg = Release|Any CPU
		{7CD5389B-A2F9-42E0-974B-B9E9B91F06CB}.Release|Any CPU.Build.0 = Release|Any CPU
		{7CD5389B-A2F9-42E0-974B-B9E9B91F06CB}.Release|Mixed Platforms.ActiveCfg = Release|Any CPU
		{7CD5389B-A2F9-42E0-974B-B9E9B91F06CB}.Release|Mixed Platforms.Build.0 = Release|Any CPU
		{16503F43-4099-483E-9E03-E42CA35B484B}.Debug|.NET.ActiveCfg = Debug|Any CPU
		{16503F43-4099-483E-9E03-E42CA35B484B}.Debug|Any CPU.ActiveCfg = Debug|Any CPU
		{16503F43-4099-483E-9E03-E42CA35B484B}.Debug|Any CPU.Build.0 = Debug|Any CPU
		{16503F43-4099-483E-9E03-E42CA35B484B}.Debug|Mixed Platforms.ActiveCfg = Debug|Any CPU
		{16503F43-4099-483E-9E03-E42CA35B484B}.Debug|Mixed Platforms.Build.0 = Debug|Any CPU
		{16503F43-4099-483E-9E03-E42CA35B484B}.Release|.NET.ActiveCfg = Release|Any CPU
		{16503F43-4099-483E-9E03-E42CA35B484B}.Release|Any CPU.ActiveCfg = Release|Any CPU
		{16503F43-4099-483E-9E03-E42CA35B484B}.Release|Any CPU.Build.0 = Release|Any CPU
		{16503F43-4099-483E-9E03-E42CA35B484B}.Release|Mixed Platforms.ActiveCfg = Release|Any CPU
		{16503F43-4099-483E-9E03-E42CA35B484B}.Release|Mixed Platforms.Build.0 = Release|Any CPU
	EndGlobalSection
	GlobalSection(SolutionProperties) = preSolution
		HideSolutionNode = FALSE
	EndGlobalSection
EndGlobal
